
Microsoft Visual Studio Solution File, Format Version 12.00
# Visual Studio Version 16
VisualStudioVersion = 16.0.29123.88
MinimumVisualStudioVersion = 10.0.40219.1
Project("{FAE04EC0-301F-11D3-BF4B-00C04F79EFBC}") = "SimpleSmtp", "SimpleSmtp\SimpleSmtp.csproj", "{E428DA51-DF29-4BE5-97FD-2A9ED10B5E60}"
EndProject
Project("{FAE04EC0-301F-11D3-BF4B-00C04F79EFBC}") = "WinFormsLab", "WinFormsLab\WinFormsLab.csproj", "{511009AF-11FC-4EA4-A5F5-DF9D583FA76A}"
EndProject
Project("{FAE04EC0-301F-11D3-BF4B-00C04F79EFBC}") = "ConsoleLab", "ConsoleLab\ConsoleLab.csproj", "{6BD03D77-3E52-48CD-8FFC-6AB49E39A6CC}"
EndProject
Project("{FAE04EC0-301F-11D3-BF4B-00C04F79EFBC}") = "TowersOfHanoi", "TowersOfHanoi\TowersOfHanoi.csproj", "{B70954A2-1360-4D09-9CF2-8D65D8A2323B}"
EndProject
Project("{FAE04EC0-301F-11D3-BF4B-00C04F79EFBC}") = "SimpleTimer", "SimpleTimer\SimpleTimer.csproj", "{48DC1272-2EBF-444F-AB87-34BD51705FAC}"
EndProject
Project("{FAE04EC0-301F-11D3-BF4B-00C04F79EFBC}") = "NpiLibrary", "NpiLibrary\NpiLibrary.csproj", "{72029BCE-D86A-4A5A-ABD2-5EA567A21CB5}"
EndProject
Project("{FAE04EC0-301F-11D3-BF4B-00C04F79EFBC}") = "ConsoleLab2", "ConsoleLab2\ConsoleLab2.csproj", "{A6573BB1-E329-4510-8F40-475690D3ED81}"
EndProject
Project("{FAE04EC0-301F-11D3-BF4B-00C04F79EFBC}") = "WebScrapingProject", "WebScrapingProject\WebScrapingProject.csproj", "{004EFC3D-6438-43C5-98D9-44CB407239FB}"
EndProject
Project("{888888A0-9F3D-457C-B088-3A5042F75D52}") = "PyAppLab", "PyAppLab\PyAppLab.pyproj", "{E60C23EF-2DE3-4845-A306-60062B789A7C}"
EndProject
Project("{8BC9CEB8-8B4A-11D0-8D11-00A0C91BC942}") = "CppConsole", "CppConsole\CppConsole.vcxproj", "{2643237E-FBA6-4A92-9E1E-7D80664A4578}"
EndProject
Project("{8BC9CEB8-8B4A-11D0-8D11-00A0C91BC942}") = "CppDeleteWithoutHeadPointer", "CppDeleteWithoutHeadPointer\CppDeleteWithoutHeadPointer.vcxproj", "{5DC3F348-00C9-4C1F-8B99-6EA4C6A3215B}"
EndProject
Project("{FAE04EC0-301F-11D3-BF4B-00C04F79EFBC}") = "ConsoleApp1", "ConsoleApp1\ConsoleApp1.csproj", "{B1DA7DB8-D3F7-4AE3-97B2-7E861EC5CB44}"
EndProject
Project("{FAE04EC0-301F-11D3-BF4B-00C04F79EFBC}") = "WcfService1", "WcfService1\WcfService1.csproj", "{49126BB8-26BD-4F5D-B913-E8217E5BF813}"
EndProject
Project("{FAE04EC0-301F-11D3-BF4B-00C04F79EFBC}") = "WebApplication1", "WebApplication1\WebApplication1.csproj", "{65E14F87-A8B1-4A18-B989-3239EA70AD10}"
EndProject
Project("{FAE04EC0-301F-11D3-BF4B-00C04F79EFBC}") = "PlatformDetection", "PlatformDetection\PlatformDetection.csproj", "{7844AC99-C002-465E-94B3-4BB257FB42AA}"
EndProject
Project("{FAE04EC0-301F-11D3-BF4B-00C04F79EFBC}") = "Sudoku", "Sudoku\Sudoku.csproj", "{B2631BB3-AFB2-44E6-A909-C9C28460F6AC}"
EndProject
Project("{FAE04EC0-301F-11D3-BF4B-00C04F79EFBC}") = "ConsoleCustomConfig", "ConsoleCustomConfig\ConsoleCustomConfig.csproj", "{58DFCCAD-B952-4FF2-B0CD-5316AF231021}"
EndProject
Project("{FAE04EC0-301F-11D3-BF4B-00C04F79EFBC}") = "ConsoleApp2", "ConsoleApp2\ConsoleApp2.csproj", "{A0FDAE3E-0181-4363-B88A-B6408DA27D19}"
EndProject
Project("{FAE04EC0-301F-11D3-BF4B-00C04F79EFBC}") = "ConsoleAppApi10", "ConsoleAppApi10\ConsoleAppApi10.csproj", "{BA158367-0EA7-48A0-B131-011F29EEC51D}"
EndProject
Project("{FAE04EC0-301F-11D3-BF4B-00C04F79EFBC}") = "FibonacciAustin", "FibonacciAustin\FibonacciAustin.csproj", "{4E673D29-7CA8-4EFE-8B80-BFE3C35F7653}"
EndProject
Project("{FAE04EC0-301F-11D3-BF4B-00C04F79EFBC}") = "BubbleSort", "BubbleSort\BubbleSort.csproj", "{17195BF0-147F-4766-95CC-F378AE4DB193}"
EndProject
Project("{FAE04EC0-301F-11D3-BF4B-00C04F79EFBC}") = "LIstDigitsOfNumericInput", "LIstDigitsOfNumericInput\LIstDigitsOfNumericInput.csproj", "{AB739AA9-115A-4E05-B58F-AF4FD0C02EA3}"
EndProject
Project("{2150E333-8FDC-42A3-9474-1A3956D46DE8}") = "Austin", "Austin", "{7EAB7AA6-5C09-4B5B-9265-00E187340821}"
EndProject
Project("{FAE04EC0-301F-11D3-BF4B-00C04F79EFBC}") = "Puzzles2and3", "Puzzles2and3\Puzzles2and3.csproj", "{B1E5D4CA-9819-446E-B2B9-C334CDAC37C7}"
EndProject
Project("{FAE04EC0-301F-11D3-BF4B-00C04F79EFBC}") = "ConsoleAppScheduler", "ConsoleAppScheduler\ConsoleAppScheduler.csproj", "{30874E10-C9D5-4F4E-9B38-31B128520135}"
EndProject
Project("{FAE04EC0-301F-11D3-BF4B-00C04F79EFBC}") = "SqlScriptRunner", "SqlScriptRunner\SqlScriptRunner.csproj", "{22F43613-E986-4733-B8B5-DC5D587C3B39}"
EndProject
Project("{FAE04EC0-301F-11D3-BF4B-00C04F79EFBC}") = "NtpQuery", "NtpQuery\NtpQuery.csproj", "{513F5E7C-B1F0-4754-9287-232915C825A2}"
EndProject
Project("{FAE04EC0-301F-11D3-BF4B-00C04F79EFBC}") = "EligibilityDocSampleSource", "EligibilityDocSampleSource\EligibilityDocSampleSource.csproj", "{12C44F81-D403-4E3F-8755-35235B4E77F5}"
EndProject
Project("{2150E333-8FDC-42A3-9474-1A3956D46DE8}") = "Dependencies", "Dependencies", "{26FEB1AE-CCDA-4844-BD4B-750BCE858D46}"
EndProject
Global
	GlobalSection(SolutionConfigurationPlatforms) = preSolution
		Debug|Any CPU = Debug|Any CPU
		Debug|x64 = Debug|x64
		Debug|x86 = Debug|x86
		Release|Any CPU = Release|Any CPU
		Release|x64 = Release|x64
		Release|x86 = Release|x86
	EndGlobalSection
	GlobalSection(ProjectConfigurationPlatforms) = postSolution
		{E428DA51-DF29-4BE5-97FD-2A9ED10B5E60}.Debug|Any CPU.ActiveCfg = Debug|Any CPU
		{E428DA51-DF29-4BE5-97FD-2A9ED10B5E60}.Debug|Any CPU.Build.0 = Debug|Any CPU
		{E428DA51-DF29-4BE5-97FD-2A9ED10B5E60}.Debug|x64.ActiveCfg = Debug|Any CPU
		{E428DA51-DF29-4BE5-97FD-2A9ED10B5E60}.Debug|x64.Build.0 = Debug|Any CPU
		{E428DA51-DF29-4BE5-97FD-2A9ED10B5E60}.Debug|x86.ActiveCfg = Debug|Any CPU
		{E428DA51-DF29-4BE5-97FD-2A9ED10B5E60}.Debug|x86.Build.0 = Debug|Any CPU
		{E428DA51-DF29-4BE5-97FD-2A9ED10B5E60}.Release|Any CPU.ActiveCfg = Release|Any CPU
		{E428DA51-DF29-4BE5-97FD-2A9ED10B5E60}.Release|Any CPU.Build.0 = Release|Any CPU
		{E428DA51-DF29-4BE5-97FD-2A9ED10B5E60}.Release|x64.ActiveCfg = Release|Any CPU
		{E428DA51-DF29-4BE5-97FD-2A9ED10B5E60}.Release|x64.Build.0 = Release|Any CPU
		{E428DA51-DF29-4BE5-97FD-2A9ED10B5E60}.Release|x86.ActiveCfg = Release|Any CPU
		{E428DA51-DF29-4BE5-97FD-2A9ED10B5E60}.Release|x86.Build.0 = Release|Any CPU
		{511009AF-11FC-4EA4-A5F5-DF9D583FA76A}.Debug|Any CPU.ActiveCfg = Debug|Any CPU
		{511009AF-11FC-4EA4-A5F5-DF9D583FA76A}.Debug|Any CPU.Build.0 = Debug|Any CPU
		{511009AF-11FC-4EA4-A5F5-DF9D583FA76A}.Debug|x64.ActiveCfg = Debug|Any CPU
		{511009AF-11FC-4EA4-A5F5-DF9D583FA76A}.Debug|x64.Build.0 = Debug|Any CPU
		{511009AF-11FC-4EA4-A5F5-DF9D583FA76A}.Debug|x86.ActiveCfg = Debug|Any CPU
		{511009AF-11FC-4EA4-A5F5-DF9D583FA76A}.Debug|x86.Build.0 = Debug|Any CPU
		{511009AF-11FC-4EA4-A5F5-DF9D583FA76A}.Release|Any CPU.ActiveCfg = Release|Any CPU
		{511009AF-11FC-4EA4-A5F5-DF9D583FA76A}.Release|Any CPU.Build.0 = Release|Any CPU
		{511009AF-11FC-4EA4-A5F5-DF9D583FA76A}.Release|x64.ActiveCfg = Release|Any CPU
		{511009AF-11FC-4EA4-A5F5-DF9D583FA76A}.Release|x64.Build.0 = Release|Any CPU
		{511009AF-11FC-4EA4-A5F5-DF9D583FA76A}.Release|x86.ActiveCfg = Release|Any CPU
		{511009AF-11FC-4EA4-A5F5-DF9D583FA76A}.Release|x86.Build.0 = Release|Any CPU
		{6BD03D77-3E52-48CD-8FFC-6AB49E39A6CC}.Debug|Any CPU.ActiveCfg = Debug|Any CPU
		{6BD03D77-3E52-48CD-8FFC-6AB49E39A6CC}.Debug|Any CPU.Build.0 = Debug|Any CPU
		{6BD03D77-3E52-48CD-8FFC-6AB49E39A6CC}.Debug|x64.ActiveCfg = Debug|Any CPU
		{6BD03D77-3E52-48CD-8FFC-6AB49E39A6CC}.Debug|x64.Build.0 = Debug|Any CPU
		{6BD03D77-3E52-48CD-8FFC-6AB49E39A6CC}.Debug|x86.ActiveCfg = Debug|Any CPU
		{6BD03D77-3E52-48CD-8FFC-6AB49E39A6CC}.Debug|x86.Build.0 = Debug|Any CPU
		{6BD03D77-3E52-48CD-8FFC-6AB49E39A6CC}.Release|Any CPU.ActiveCfg = Release|Any CPU
		{6BD03D77-3E52-48CD-8FFC-6AB49E39A6CC}.Release|Any CPU.Build.0 = Release|Any CPU
		{6BD03D77-3E52-48CD-8FFC-6AB49E39A6CC}.Release|x64.ActiveCfg = Release|Any CPU
		{6BD03D77-3E52-48CD-8FFC-6AB49E39A6CC}.Release|x64.Build.0 = Release|Any CPU
		{6BD03D77-3E52-48CD-8FFC-6AB49E39A6CC}.Release|x86.ActiveCfg = Release|Any CPU
		{6BD03D77-3E52-48CD-8FFC-6AB49E39A6CC}.Release|x86.Build.0 = Release|Any CPU
		{B70954A2-1360-4D09-9CF2-8D65D8A2323B}.Debug|Any CPU.ActiveCfg = Debug|Any CPU
		{B70954A2-1360-4D09-9CF2-8D65D8A2323B}.Debug|Any CPU.Build.0 = Debug|Any CPU
		{B70954A2-1360-4D09-9CF2-8D65D8A2323B}.Debug|x64.ActiveCfg = Debug|Any CPU
		{B70954A2-1360-4D09-9CF2-8D65D8A2323B}.Debug|x64.Build.0 = Debug|Any CPU
		{B70954A2-1360-4D09-9CF2-8D65D8A2323B}.Debug|x86.ActiveCfg = Debug|Any CPU
		{B70954A2-1360-4D09-9CF2-8D65D8A2323B}.Debug|x86.Build.0 = Debug|Any CPU
		{B70954A2-1360-4D09-9CF2-8D65D8A2323B}.Release|Any CPU.ActiveCfg = Release|Any CPU
		{B70954A2-1360-4D09-9CF2-8D65D8A2323B}.Release|Any CPU.Build.0 = Release|Any CPU
		{B70954A2-1360-4D09-9CF2-8D65D8A2323B}.Release|x64.ActiveCfg = Release|Any CPU
		{B70954A2-1360-4D09-9CF2-8D65D8A2323B}.Release|x64.Build.0 = Release|Any CPU
		{B70954A2-1360-4D09-9CF2-8D65D8A2323B}.Release|x86.ActiveCfg = Release|Any CPU
		{B70954A2-1360-4D09-9CF2-8D65D8A2323B}.Release|x86.Build.0 = Release|Any CPU
		{48DC1272-2EBF-444F-AB87-34BD51705FAC}.Debug|Any CPU.ActiveCfg = Debug|Any CPU
		{48DC1272-2EBF-444F-AB87-34BD51705FAC}.Debug|Any CPU.Build.0 = Debug|Any CPU
		{48DC1272-2EBF-444F-AB87-34BD51705FAC}.Debug|x64.ActiveCfg = Debug|Any CPU
		{48DC1272-2EBF-444F-AB87-34BD51705FAC}.Debug|x64.Build.0 = Debug|Any CPU
		{48DC1272-2EBF-444F-AB87-34BD51705FAC}.Debug|x86.ActiveCfg = Debug|Any CPU
		{48DC1272-2EBF-444F-AB87-34BD51705FAC}.Debug|x86.Build.0 = Debug|Any CPU
		{48DC1272-2EBF-444F-AB87-34BD51705FAC}.Release|Any CPU.ActiveCfg = Release|Any CPU
		{48DC1272-2EBF-444F-AB87-34BD51705FAC}.Release|Any CPU.Build.0 = Release|Any CPU
		{48DC1272-2EBF-444F-AB87-34BD51705FAC}.Release|x64.ActiveCfg = Release|Any CPU
		{48DC1272-2EBF-444F-AB87-34BD51705FAC}.Release|x64.Build.0 = Release|Any CPU
		{48DC1272-2EBF-444F-AB87-34BD51705FAC}.Release|x86.ActiveCfg = Release|Any CPU
		{48DC1272-2EBF-444F-AB87-34BD51705FAC}.Release|x86.Build.0 = Release|Any CPU
		{72029BCE-D86A-4A5A-ABD2-5EA567A21CB5}.Debug|Any CPU.ActiveCfg = Debug|Any CPU
		{72029BCE-D86A-4A5A-ABD2-5EA567A21CB5}.Debug|Any CPU.Build.0 = Debug|Any CPU
		{72029BCE-D86A-4A5A-ABD2-5EA567A21CB5}.Debug|x64.ActiveCfg = Debug|Any CPU
		{72029BCE-D86A-4A5A-ABD2-5EA567A21CB5}.Debug|x64.Build.0 = Debug|Any CPU
		{72029BCE-D86A-4A5A-ABD2-5EA567A21CB5}.Debug|x86.ActiveCfg = Debug|Any CPU
		{72029BCE-D86A-4A5A-ABD2-5EA567A21CB5}.Debug|x86.Build.0 = Debug|Any CPU
		{72029BCE-D86A-4A5A-ABD2-5EA567A21CB5}.Release|Any CPU.ActiveCfg = Release|Any CPU
		{72029BCE-D86A-4A5A-ABD2-5EA567A21CB5}.Release|Any CPU.Build.0 = Release|Any CPU
		{72029BCE-D86A-4A5A-ABD2-5EA567A21CB5}.Release|x64.ActiveCfg = Release|Any CPU
		{72029BCE-D86A-4A5A-ABD2-5EA567A21CB5}.Release|x64.Build.0 = Release|Any CPU
		{72029BCE-D86A-4A5A-ABD2-5EA567A21CB5}.Release|x86.ActiveCfg = Release|Any CPU
		{72029BCE-D86A-4A5A-ABD2-5EA567A21CB5}.Release|x86.Build.0 = Release|Any CPU
		{A6573BB1-E329-4510-8F40-475690D3ED81}.Debug|Any CPU.ActiveCfg = Debug|Any CPU
		{A6573BB1-E329-4510-8F40-475690D3ED81}.Debug|Any CPU.Build.0 = Debug|Any CPU
		{A6573BB1-E329-4510-8F40-475690D3ED81}.Debug|x64.ActiveCfg = Debug|Any CPU
		{A6573BB1-E329-4510-8F40-475690D3ED81}.Debug|x64.Build.0 = Debug|Any CPU
		{A6573BB1-E329-4510-8F40-475690D3ED81}.Debug|x86.ActiveCfg = Debug|Any CPU
		{A6573BB1-E329-4510-8F40-475690D3ED81}.Debug|x86.Build.0 = Debug|Any CPU
		{A6573BB1-E329-4510-8F40-475690D3ED81}.Release|Any CPU.ActiveCfg = Release|Any CPU
		{A6573BB1-E329-4510-8F40-475690D3ED81}.Release|Any CPU.Build.0 = Release|Any CPU
		{A6573BB1-E329-4510-8F40-475690D3ED81}.Release|x64.ActiveCfg = Release|Any CPU
		{A6573BB1-E329-4510-8F40-475690D3ED81}.Release|x64.Build.0 = Release|Any CPU
		{A6573BB1-E329-4510-8F40-475690D3ED81}.Release|x86.ActiveCfg = Release|Any CPU
		{A6573BB1-E329-4510-8F40-475690D3ED81}.Release|x86.Build.0 = Release|Any CPU
		{004EFC3D-6438-43C5-98D9-44CB407239FB}.Debug|Any CPU.ActiveCfg = Debug|Any CPU
		{004EFC3D-6438-43C5-98D9-44CB407239FB}.Debug|Any CPU.Build.0 = Debug|Any CPU
		{004EFC3D-6438-43C5-98D9-44CB407239FB}.Debug|x64.ActiveCfg = Debug|Any CPU
		{004EFC3D-6438-43C5-98D9-44CB407239FB}.Debug|x64.Build.0 = Debug|Any CPU
		{004EFC3D-6438-43C5-98D9-44CB407239FB}.Debug|x86.ActiveCfg = Debug|Any CPU
		{004EFC3D-6438-43C5-98D9-44CB407239FB}.Debug|x86.Build.0 = Debug|Any CPU
		{004EFC3D-6438-43C5-98D9-44CB407239FB}.Release|Any CPU.ActiveCfg = Release|Any CPU
		{004EFC3D-6438-43C5-98D9-44CB407239FB}.Release|Any CPU.Build.0 = Release|Any CPU
		{004EFC3D-6438-43C5-98D9-44CB407239FB}.Release|x64.ActiveCfg = Release|Any CPU
		{004EFC3D-6438-43C5-98D9-44CB407239FB}.Release|x64.Build.0 = Release|Any CPU
		{004EFC3D-6438-43C5-98D9-44CB407239FB}.Release|x86.ActiveCfg = Release|Any CPU
		{004EFC3D-6438-43C5-98D9-44CB407239FB}.Release|x86.Build.0 = Release|Any CPU
		{E60C23EF-2DE3-4845-A306-60062B789A7C}.Debug|Any CPU.ActiveCfg = Debug|Any CPU
		{E60C23EF-2DE3-4845-A306-60062B789A7C}.Debug|x64.ActiveCfg = Debug|Any CPU
		{E60C23EF-2DE3-4845-A306-60062B789A7C}.Debug|x86.ActiveCfg = Debug|Any CPU
		{E60C23EF-2DE3-4845-A306-60062B789A7C}.Release|Any CPU.ActiveCfg = Release|Any CPU
		{E60C23EF-2DE3-4845-A306-60062B789A7C}.Release|x64.ActiveCfg = Release|Any CPU
		{E60C23EF-2DE3-4845-A306-60062B789A7C}.Release|x86.ActiveCfg = Release|Any CPU
		{2643237E-FBA6-4A92-9E1E-7D80664A4578}.Debug|Any CPU.ActiveCfg = Debug|Win32
		{2643237E-FBA6-4A92-9E1E-7D80664A4578}.Debug|x64.ActiveCfg = Debug|x64
		{2643237E-FBA6-4A92-9E1E-7D80664A4578}.Debug|x64.Build.0 = Debug|x64
		{2643237E-FBA6-4A92-9E1E-7D80664A4578}.Debug|x86.ActiveCfg = Debug|Win32
		{2643237E-FBA6-4A92-9E1E-7D80664A4578}.Debug|x86.Build.0 = Debug|Win32
		{2643237E-FBA6-4A92-9E1E-7D80664A4578}.Release|Any CPU.ActiveCfg = Release|Win32
		{2643237E-FBA6-4A92-9E1E-7D80664A4578}.Release|x64.ActiveCfg = Release|x64
		{2643237E-FBA6-4A92-9E1E-7D80664A4578}.Release|x64.Build.0 = Release|x64
		{2643237E-FBA6-4A92-9E1E-7D80664A4578}.Release|x86.ActiveCfg = Release|Win32
		{2643237E-FBA6-4A92-9E1E-7D80664A4578}.Release|x86.Build.0 = Release|Win32
		{5DC3F348-00C9-4C1F-8B99-6EA4C6A3215B}.Debug|Any CPU.ActiveCfg = Debug|Win32
		{5DC3F348-00C9-4C1F-8B99-6EA4C6A3215B}.Debug|x64.ActiveCfg = Debug|x64
		{5DC3F348-00C9-4C1F-8B99-6EA4C6A3215B}.Debug|x64.Build.0 = Debug|x64
		{5DC3F348-00C9-4C1F-8B99-6EA4C6A3215B}.Debug|x86.ActiveCfg = Debug|Win32
		{5DC3F348-00C9-4C1F-8B99-6EA4C6A3215B}.Debug|x86.Build.0 = Debug|Win32
		{5DC3F348-00C9-4C1F-8B99-6EA4C6A3215B}.Release|Any CPU.ActiveCfg = Release|Win32
		{5DC3F348-00C9-4C1F-8B99-6EA4C6A3215B}.Release|x64.ActiveCfg = Release|x64
		{5DC3F348-00C9-4C1F-8B99-6EA4C6A3215B}.Release|x64.Build.0 = Release|x64
		{5DC3F348-00C9-4C1F-8B99-6EA4C6A3215B}.Release|x86.ActiveCfg = Release|Win32
		{5DC3F348-00C9-4C1F-8B99-6EA4C6A3215B}.Release|x86.Build.0 = Release|Win32
		{B1DA7DB8-D3F7-4AE3-97B2-7E861EC5CB44}.Debug|Any CPU.ActiveCfg = Debug|Any CPU
		{B1DA7DB8-D3F7-4AE3-97B2-7E861EC5CB44}.Debug|Any CPU.Build.0 = Debug|Any CPU
		{B1DA7DB8-D3F7-4AE3-97B2-7E861EC5CB44}.Debug|x64.ActiveCfg = Debug|Any CPU
		{B1DA7DB8-D3F7-4AE3-97B2-7E861EC5CB44}.Debug|x64.Build.0 = Debug|Any CPU
		{B1DA7DB8-D3F7-4AE3-97B2-7E861EC5CB44}.Debug|x86.ActiveCfg = Debug|Any CPU
		{B1DA7DB8-D3F7-4AE3-97B2-7E861EC5CB44}.Debug|x86.Build.0 = Debug|Any CPU
		{B1DA7DB8-D3F7-4AE3-97B2-7E861EC5CB44}.Release|Any CPU.ActiveCfg = Release|Any CPU
		{B1DA7DB8-D3F7-4AE3-97B2-7E861EC5CB44}.Release|Any CPU.Build.0 = Release|Any CPU
		{B1DA7DB8-D3F7-4AE3-97B2-7E861EC5CB44}.Release|x64.ActiveCfg = Release|Any CPU
		{B1DA7DB8-D3F7-4AE3-97B2-7E861EC5CB44}.Release|x64.Build.0 = Release|Any CPU
		{B1DA7DB8-D3F7-4AE3-97B2-7E861EC5CB44}.Release|x86.ActiveCfg = Release|Any CPU
		{B1DA7DB8-D3F7-4AE3-97B2-7E861EC5CB44}.Release|x86.Build.0 = Release|Any CPU
		{49126BB8-26BD-4F5D-B913-E8217E5BF813}.Debug|Any CPU.ActiveCfg = Debug|Any CPU
		{49126BB8-26BD-4F5D-B913-E8217E5BF813}.Debug|Any CPU.Build.0 = Debug|Any CPU
		{49126BB8-26BD-4F5D-B913-E8217E5BF813}.Debug|x64.ActiveCfg = Debug|Any CPU
		{49126BB8-26BD-4F5D-B913-E8217E5BF813}.Debug|x64.Build.0 = Debug|Any CPU
		{49126BB8-26BD-4F5D-B913-E8217E5BF813}.Debug|x86.ActiveCfg = Debug|Any CPU
		{49126BB8-26BD-4F5D-B913-E8217E5BF813}.Debug|x86.Build.0 = Debug|Any CPU
		{49126BB8-26BD-4F5D-B913-E8217E5BF813}.Release|Any CPU.ActiveCfg = Release|Any CPU
		{49126BB8-26BD-4F5D-B913-E8217E5BF813}.Release|Any CPU.Build.0 = Release|Any CPU
		{49126BB8-26BD-4F5D-B913-E8217E5BF813}.Release|x64.ActiveCfg = Release|Any CPU
		{49126BB8-26BD-4F5D-B913-E8217E5BF813}.Release|x64.Build.0 = Release|Any CPU
		{49126BB8-26BD-4F5D-B913-E8217E5BF813}.Release|x86.ActiveCfg = Release|Any CPU
		{49126BB8-26BD-4F5D-B913-E8217E5BF813}.Release|x86.Build.0 = Release|Any CPU
		{65E14F87-A8B1-4A18-B989-3239EA70AD10}.Debug|Any CPU.ActiveCfg = Debug|Any CPU
		{65E14F87-A8B1-4A18-B989-3239EA70AD10}.Debug|Any CPU.Build.0 = Debug|Any CPU
		{65E14F87-A8B1-4A18-B989-3239EA70AD10}.Debug|x64.ActiveCfg = Debug|Any CPU
		{65E14F87-A8B1-4A18-B989-3239EA70AD10}.Debug|x64.Build.0 = Debug|Any CPU
		{65E14F87-A8B1-4A18-B989-3239EA70AD10}.Debug|x86.ActiveCfg = Debug|Any CPU
		{65E14F87-A8B1-4A18-B989-3239EA70AD10}.Debug|x86.Build.0 = Debug|Any CPU
		{65E14F87-A8B1-4A18-B989-3239EA70AD10}.Release|Any CPU.ActiveCfg = Release|Any CPU
		{65E14F87-A8B1-4A18-B989-3239EA70AD10}.Release|Any CPU.Build.0 = Release|Any CPU
		{65E14F87-A8B1-4A18-B989-3239EA70AD10}.Release|x64.ActiveCfg = Release|Any CPU
		{65E14F87-A8B1-4A18-B989-3239EA70AD10}.Release|x64.Build.0 = Release|Any CPU
		{65E14F87-A8B1-4A18-B989-3239EA70AD10}.Release|x86.ActiveCfg = Release|Any CPU
		{65E14F87-A8B1-4A18-B989-3239EA70AD10}.Release|x86.Build.0 = Release|Any CPU
		{7844AC99-C002-465E-94B3-4BB257FB42AA}.Debug|Any CPU.ActiveCfg = Debug|Any CPU
		{7844AC99-C002-465E-94B3-4BB257FB42AA}.Debug|Any CPU.Build.0 = Debug|Any CPU
		{7844AC99-C002-465E-94B3-4BB257FB42AA}.Debug|x64.ActiveCfg = Debug|Any CPU
		{7844AC99-C002-465E-94B3-4BB257FB42AA}.Debug|x64.Build.0 = Debug|Any CPU
		{7844AC99-C002-465E-94B3-4BB257FB42AA}.Debug|x86.ActiveCfg = Debug|Any CPU
		{7844AC99-C002-465E-94B3-4BB257FB42AA}.Debug|x86.Build.0 = Debug|Any CPU
		{7844AC99-C002-465E-94B3-4BB257FB42AA}.Release|Any CPU.ActiveCfg = Release|Any CPU
		{7844AC99-C002-465E-94B3-4BB257FB42AA}.Release|Any CPU.Build.0 = Release|Any CPU
		{7844AC99-C002-465E-94B3-4BB257FB42AA}.Release|x64.ActiveCfg = Release|Any CPU
		{7844AC99-C002-465E-94B3-4BB257FB42AA}.Release|x64.Build.0 = Release|Any CPU
		{7844AC99-C002-465E-94B3-4BB257FB42AA}.Release|x86.ActiveCfg = Release|Any CPU
		{7844AC99-C002-465E-94B3-4BB257FB42AA}.Release|x86.Build.0 = Release|Any CPU
		{B2631BB3-AFB2-44E6-A909-C9C28460F6AC}.Debug|Any CPU.ActiveCfg = Debug|Any CPU
		{B2631BB3-AFB2-44E6-A909-C9C28460F6AC}.Debug|Any CPU.Build.0 = Debug|Any CPU
		{B2631BB3-AFB2-44E6-A909-C9C28460F6AC}.Debug|x64.ActiveCfg = Debug|Any CPU
		{B2631BB3-AFB2-44E6-A909-C9C28460F6AC}.Debug|x64.Build.0 = Debug|Any CPU
		{B2631BB3-AFB2-44E6-A909-C9C28460F6AC}.Debug|x86.ActiveCfg = Debug|Any CPU
		{B2631BB3-AFB2-44E6-A909-C9C28460F6AC}.Debug|x86.Build.0 = Debug|Any CPU
		{B2631BB3-AFB2-44E6-A909-C9C28460F6AC}.Release|Any CPU.ActiveCfg = Release|Any CPU
		{B2631BB3-AFB2-44E6-A909-C9C28460F6AC}.Release|Any CPU.Build.0 = Release|Any CPU
		{B2631BB3-AFB2-44E6-A909-C9C28460F6AC}.Release|x64.ActiveCfg = Release|Any CPU
		{B2631BB3-AFB2-44E6-A909-C9C28460F6AC}.Release|x64.Build.0 = Release|Any CPU
		{B2631BB3-AFB2-44E6-A909-C9C28460F6AC}.Release|x86.ActiveCfg = Release|Any CPU
		{B2631BB3-AFB2-44E6-A909-C9C28460F6AC}.Release|x86.Build.0 = Release|Any CPU
		{58DFCCAD-B952-4FF2-B0CD-5316AF231021}.Debug|Any CPU.ActiveCfg = Debug|Any CPU
		{58DFCCAD-B952-4FF2-B0CD-5316AF231021}.Debug|Any CPU.Build.0 = Debug|Any CPU
		{58DFCCAD-B952-4FF2-B0CD-5316AF231021}.Debug|x64.ActiveCfg = Debug|Any CPU
		{58DFCCAD-B952-4FF2-B0CD-5316AF231021}.Debug|x64.Build.0 = Debug|Any CPU
		{58DFCCAD-B952-4FF2-B0CD-5316AF231021}.Debug|x86.ActiveCfg = Debug|Any CPU
		{58DFCCAD-B952-4FF2-B0CD-5316AF231021}.Debug|x86.Build.0 = Debug|Any CPU
		{58DFCCAD-B952-4FF2-B0CD-5316AF231021}.Release|Any CPU.ActiveCfg = Release|Any CPU
		{58DFCCAD-B952-4FF2-B0CD-5316AF231021}.Release|Any CPU.Build.0 = Release|Any CPU
		{58DFCCAD-B952-4FF2-B0CD-5316AF231021}.Release|x64.ActiveCfg = Release|Any CPU
		{58DFCCAD-B952-4FF2-B0CD-5316AF231021}.Release|x64.Build.0 = Release|Any CPU
		{58DFCCAD-B952-4FF2-B0CD-5316AF231021}.Release|x86.ActiveCfg = Release|Any CPU
		{58DFCCAD-B952-4FF2-B0CD-5316AF231021}.Release|x86.Build.0 = Release|Any CPU
		{A0FDAE3E-0181-4363-B88A-B6408DA27D19}.Debug|Any CPU.ActiveCfg = Debug|Any CPU
		{A0FDAE3E-0181-4363-B88A-B6408DA27D19}.Debug|Any CPU.Build.0 = Debug|Any CPU
		{A0FDAE3E-0181-4363-B88A-B6408DA27D19}.Debug|x64.ActiveCfg = Debug|Any CPU
		{A0FDAE3E-0181-4363-B88A-B6408DA27D19}.Debug|x64.Build.0 = Debug|Any CPU
		{A0FDAE3E-0181-4363-B88A-B6408DA27D19}.Debug|x86.ActiveCfg = Debug|Any CPU
		{A0FDAE3E-0181-4363-B88A-B6408DA27D19}.Debug|x86.Build.0 = Debug|Any CPU
		{A0FDAE3E-0181-4363-B88A-B6408DA27D19}.Release|Any CPU.ActiveCfg = Release|Any CPU
		{A0FDAE3E-0181-4363-B88A-B6408DA27D19}.Release|Any CPU.Build.0 = Release|Any CPU
		{A0FDAE3E-0181-4363-B88A-B6408DA27D19}.Release|x64.ActiveCfg = Release|Any CPU
		{A0FDAE3E-0181-4363-B88A-B6408DA27D19}.Release|x64.Build.0 = Release|Any CPU
		{A0FDAE3E-0181-4363-B88A-B6408DA27D19}.Release|x86.ActiveCfg = Release|Any CPU
		{A0FDAE3E-0181-4363-B88A-B6408DA27D19}.Release|x86.Build.0 = Release|Any CPU
		{BA158367-0EA7-48A0-B131-011F29EEC51D}.Debug|Any CPU.ActiveCfg = Debug|Any CPU
		{BA158367-0EA7-48A0-B131-011F29EEC51D}.Debug|Any CPU.Build.0 = Debug|Any CPU
		{BA158367-0EA7-48A0-B131-011F29EEC51D}.Debug|x64.ActiveCfg = Debug|Any CPU
		{BA158367-0EA7-48A0-B131-011F29EEC51D}.Debug|x64.Build.0 = Debug|Any CPU
		{BA158367-0EA7-48A0-B131-011F29EEC51D}.Debug|x86.ActiveCfg = Debug|Any CPU
		{BA158367-0EA7-48A0-B131-011F29EEC51D}.Debug|x86.Build.0 = Debug|Any CPU
		{BA158367-0EA7-48A0-B131-011F29EEC51D}.Release|Any CPU.ActiveCfg = Release|Any CPU
		{BA158367-0EA7-48A0-B131-011F29EEC51D}.Release|Any CPU.Build.0 = Release|Any CPU
		{BA158367-0EA7-48A0-B131-011F29EEC51D}.Release|x64.ActiveCfg = Release|Any CPU
		{BA158367-0EA7-48A0-B131-011F29EEC51D}.Release|x64.Build.0 = Release|Any CPU
		{BA158367-0EA7-48A0-B131-011F29EEC51D}.Release|x86.ActiveCfg = Release|Any CPU
		{BA158367-0EA7-48A0-B131-011F29EEC51D}.Release|x86.Build.0 = Release|Any CPU
		{4E673D29-7CA8-4EFE-8B80-BFE3C35F7653}.Debug|Any CPU.ActiveCfg = Debug|Any CPU
		{4E673D29-7CA8-4EFE-8B80-BFE3C35F7653}.Debug|Any CPU.Build.0 = Debug|Any CPU
		{4E673D29-7CA8-4EFE-8B80-BFE3C35F7653}.Debug|x64.ActiveCfg = Debug|Any CPU
		{4E673D29-7CA8-4EFE-8B80-BFE3C35F7653}.Debug|x64.Build.0 = Debug|Any CPU
		{4E673D29-7CA8-4EFE-8B80-BFE3C35F7653}.Debug|x86.ActiveCfg = Debug|Any CPU
		{4E673D29-7CA8-4EFE-8B80-BFE3C35F7653}.Debug|x86.Build.0 = Debug|Any CPU
		{4E673D29-7CA8-4EFE-8B80-BFE3C35F7653}.Release|Any CPU.ActiveCfg = Release|Any CPU
		{4E673D29-7CA8-4EFE-8B80-BFE3C35F7653}.Release|Any CPU.Build.0 = Release|Any CPU
		{4E673D29-7CA8-4EFE-8B80-BFE3C35F7653}.Release|x64.ActiveCfg = Release|Any CPU
		{4E673D29-7CA8-4EFE-8B80-BFE3C35F7653}.Release|x64.Build.0 = Release|Any CPU
		{4E673D29-7CA8-4EFE-8B80-BFE3C35F7653}.Release|x86.ActiveCfg = Release|Any CPU
		{4E673D29-7CA8-4EFE-8B80-BFE3C35F7653}.Release|x86.Build.0 = Release|Any CPU
		{17195BF0-147F-4766-95CC-F378AE4DB193}.Debug|Any CPU.ActiveCfg = Debug|Any CPU
		{17195BF0-147F-4766-95CC-F378AE4DB193}.Debug|Any CPU.Build.0 = Debug|Any CPU
		{17195BF0-147F-4766-95CC-F378AE4DB193}.Debug|x64.ActiveCfg = Debug|Any CPU
		{17195BF0-147F-4766-95CC-F378AE4DB193}.Debug|x64.Build.0 = Debug|Any CPU
		{17195BF0-147F-4766-95CC-F378AE4DB193}.Debug|x86.ActiveCfg = Debug|Any CPU
		{17195BF0-147F-4766-95CC-F378AE4DB193}.Debug|x86.Build.0 = Debug|Any CPU
		{17195BF0-147F-4766-95CC-F378AE4DB193}.Release|Any CPU.ActiveCfg = Release|Any CPU
		{17195BF0-147F-4766-95CC-F378AE4DB193}.Release|Any CPU.Build.0 = Release|Any CPU
		{17195BF0-147F-4766-95CC-F378AE4DB193}.Release|x64.ActiveCfg = Release|Any CPU
		{17195BF0-147F-4766-95CC-F378AE4DB193}.Release|x64.Build.0 = Release|Any CPU
		{17195BF0-147F-4766-95CC-F378AE4DB193}.Release|x86.ActiveCfg = Release|Any CPU
		{17195BF0-147F-4766-95CC-F378AE4DB193}.Release|x86.Build.0 = Release|Any CPU
		{AB739AA9-115A-4E05-B58F-AF4FD0C02EA3}.Debug|Any CPU.ActiveCfg = Debug|Any CPU
		{AB739AA9-115A-4E05-B58F-AF4FD0C02EA3}.Debug|Any CPU.Build.0 = Debug|Any CPU
		{AB739AA9-115A-4E05-B58F-AF4FD0C02EA3}.Debug|x64.ActiveCfg = Debug|Any CPU
		{AB739AA9-115A-4E05-B58F-AF4FD0C02EA3}.Debug|x64.Build.0 = Debug|Any CPU
		{AB739AA9-115A-4E05-B58F-AF4FD0C02EA3}.Debug|x86.ActiveCfg = Debug|Any CPU
		{AB739AA9-115A-4E05-B58F-AF4FD0C02EA3}.Debug|x86.Build.0 = Debug|Any CPU
		{AB739AA9-115A-4E05-B58F-AF4FD0C02EA3}.Release|Any CPU.ActiveCfg = Release|Any CPU
		{AB739AA9-115A-4E05-B58F-AF4FD0C02EA3}.Release|Any CPU.Build.0 = Release|Any CPU
		{AB739AA9-115A-4E05-B58F-AF4FD0C02EA3}.Release|x64.ActiveCfg = Release|Any CPU
		{AB739AA9-115A-4E05-B58F-AF4FD0C02EA3}.Release|x64.Build.0 = Release|Any CPU
		{AB739AA9-115A-4E05-B58F-AF4FD0C02EA3}.Release|x86.ActiveCfg = Release|Any CPU
		{AB739AA9-115A-4E05-B58F-AF4FD0C02EA3}.Release|x86.Build.0 = Release|Any CPU
		{B1E5D4CA-9819-446E-B2B9-C334CDAC37C7}.Debug|Any CPU.ActiveCfg = Debug|Any CPU
		{B1E5D4CA-9819-446E-B2B9-C334CDAC37C7}.Debug|Any CPU.Build.0 = Debug|Any CPU
		{B1E5D4CA-9819-446E-B2B9-C334CDAC37C7}.Debug|x64.ActiveCfg = Debug|Any CPU
		{B1E5D4CA-9819-446E-B2B9-C334CDAC37C7}.Debug|x64.Build.0 = Debug|Any CPU
		{B1E5D4CA-9819-446E-B2B9-C334CDAC37C7}.Debug|x86.ActiveCfg = Debug|Any CPU
		{B1E5D4CA-9819-446E-B2B9-C334CDAC37C7}.Debug|x86.Build.0 = Debug|Any CPU
		{B1E5D4CA-9819-446E-B2B9-C334CDAC37C7}.Release|Any CPU.ActiveCfg = Release|Any CPU
		{B1E5D4CA-9819-446E-B2B9-C334CDAC37C7}.Release|Any CPU.Build.0 = Release|Any CPU
		{B1E5D4CA-9819-446E-B2B9-C334CDAC37C7}.Release|x64.ActiveCfg = Release|Any CPU
		{B1E5D4CA-9819-446E-B2B9-C334CDAC37C7}.Release|x64.Build.0 = Release|Any CPU
		{B1E5D4CA-9819-446E-B2B9-C334CDAC37C7}.Release|x86.ActiveCfg = Release|Any CPU
		{B1E5D4CA-9819-446E-B2B9-C334CDAC37C7}.Release|x86.Build.0 = Release|Any CPU
		{30874E10-C9D5-4F4E-9B38-31B128520135}.Debug|Any CPU.ActiveCfg = Debug|Any CPU
		{30874E10-C9D5-4F4E-9B38-31B128520135}.Debug|Any CPU.Build.0 = Debug|Any CPU
		{30874E10-C9D5-4F4E-9B38-31B128520135}.Debug|x64.ActiveCfg = Debug|Any CPU
		{30874E10-C9D5-4F4E-9B38-31B128520135}.Debug|x64.Build.0 = Debug|Any CPU
		{30874E10-C9D5-4F4E-9B38-31B128520135}.Debug|x86.ActiveCfg = Debug|Any CPU
		{30874E10-C9D5-4F4E-9B38-31B128520135}.Debug|x86.Build.0 = Debug|Any CPU
		{30874E10-C9D5-4F4E-9B38-31B128520135}.Release|Any CPU.ActiveCfg = Release|Any CPU
		{30874E10-C9D5-4F4E-9B38-31B128520135}.Release|Any CPU.Build.0 = Release|Any CPU
		{30874E10-C9D5-4F4E-9B38-31B128520135}.Release|x64.ActiveCfg = Release|Any CPU
		{30874E10-C9D5-4F4E-9B38-31B128520135}.Release|x64.Build.0 = Release|Any CPU
		{30874E10-C9D5-4F4E-9B38-31B128520135}.Release|x86.ActiveCfg = Release|Any CPU
		{30874E10-C9D5-4F4E-9B38-31B128520135}.Release|x86.Build.0 = Release|Any CPU
		{22F43613-E986-4733-B8B5-DC5D587C3B39}.Debug|Any CPU.ActiveCfg = Debug|Any CPU
		{22F43613-E986-4733-B8B5-DC5D587C3B39}.Debug|Any CPU.Build.0 = Debug|Any CPU
		{22F43613-E986-4733-B8B5-DC5D587C3B39}.Debug|x64.ActiveCfg = Debug|Any CPU
		{22F43613-E986-4733-B8B5-DC5D587C3B39}.Debug|x64.Build.0 = Debug|Any CPU
		{22F43613-E986-4733-B8B5-DC5D587C3B39}.Debug|x86.ActiveCfg = Debug|Any CPU
		{22F43613-E986-4733-B8B5-DC5D587C3B39}.Debug|x86.Build.0 = Debug|Any CPU
		{22F43613-E986-4733-B8B5-DC5D587C3B39}.Release|Any CPU.ActiveCfg = Release|Any CPU
		{22F43613-E986-4733-B8B5-DC5D587C3B39}.Release|Any CPU.Build.0 = Release|Any CPU
		{22F43613-E986-4733-B8B5-DC5D587C3B39}.Release|x64.ActiveCfg = Release|Any CPU
		{22F43613-E986-4733-B8B5-DC5D587C3B39}.Release|x64.Build.0 = Release|Any CPU
		{22F43613-E986-4733-B8B5-DC5D587C3B39}.Release|x86.ActiveCfg = Release|Any CPU
		{22F43613-E986-4733-B8B5-DC5D587C3B39}.Release|x86.Build.0 = Release|Any CPU
		{513F5E7C-B1F0-4754-9287-232915C825A2}.Debug|Any CPU.ActiveCfg = Debug|Any CPU
		{513F5E7C-B1F0-4754-9287-232915C825A2}.Debug|Any CPU.Build.0 = Debug|Any CPU
		{513F5E7C-B1F0-4754-9287-232915C825A2}.Debug|x64.ActiveCfg = Debug|Any CPU
		{513F5E7C-B1F0-4754-9287-232915C825A2}.Debug|x64.Build.0 = Debug|Any CPU
		{513F5E7C-B1F0-4754-9287-232915C825A2}.Debug|x86.ActiveCfg = Debug|Any CPU
		{513F5E7C-B1F0-4754-9287-232915C825A2}.Debug|x86.Build.0 = Debug|Any CPU
		{513F5E7C-B1F0-4754-9287-232915C825A2}.Release|Any CPU.ActiveCfg = Release|Any CPU
		{513F5E7C-B1F0-4754-9287-232915C825A2}.Release|Any CPU.Build.0 = Release|Any CPU
		{513F5E7C-B1F0-4754-9287-232915C825A2}.Release|x64.ActiveCfg = Release|Any CPU
		{513F5E7C-B1F0-4754-9287-232915C825A2}.Release|x64.Build.0 = Release|Any CPU
		{513F5E7C-B1F0-4754-9287-232915C825A2}.Release|x86.ActiveCfg = Release|Any CPU
		{513F5E7C-B1F0-4754-9287-232915C825A2}.Release|x86.Build.0 = Release|Any CPU
		{12C44F81-D403-4E3F-8755-35235B4E77F5}.Debug|Any CPU.ActiveCfg = Debug|Any CPU
		{12C44F81-D403-4E3F-8755-35235B4E77F5}.Debug|Any CPU.Build.0 = Debug|Any CPU
		{12C44F81-D403-4E3F-8755-35235B4E77F5}.Debug|x64.ActiveCfg = Debug|Any CPU
		{12C44F81-D403-4E3F-8755-35235B4E77F5}.Debug|x64.Build.0 = Debug|Any CPU
		{12C44F81-D403-4E3F-8755-35235B4E77F5}.Debug|x86.ActiveCfg = Debug|Any CPU
		{12C44F81-D403-4E3F-8755-35235B4E77F5}.Debug|x86.Build.0 = Debug|Any CPU
		{12C44F81-D403-4E3F-8755-35235B4E77F5}.Release|Any CPU.ActiveCfg = Release|Any CPU
		{12C44F81-D403-4E3F-8755-35235B4E77F5}.Release|Any CPU.Build.0 = Release|Any CPU
		{12C44F81-D403-4E3F-8755-35235B4E77F5}.Release|x64.ActiveCfg = Release|Any CPU
		{12C44F81-D403-4E3F-8755-35235B4E77F5}.Release|x64.Build.0 = Release|Any CPU
		{12C44F81-D403-4E3F-8755-35235B4E77F5}.Release|x86.ActiveCfg = Release|Any CPU
		{12C44F81-D403-4E3F-8755-35235B4E77F5}.Release|x86.Build.0 = Release|Any CPU
	EndGlobalSection
	GlobalSection(SolutionProperties) = preSolution
		HideSolutionNode = FALSE
	EndGlobalSection
	GlobalSection(NestedProjects) = preSolution
		{4E673D29-7CA8-4EFE-8B80-BFE3C35F7653} = {7EAB7AA6-5C09-4B5B-9265-00E187340821}
		{B1E5D4CA-9819-446E-B2B9-C334CDAC37C7} = {7EAB7AA6-5C09-4B5B-9265-00E187340821}
	EndGlobalSection
	GlobalSection(ExtensibilityGlobals) = postSolution
		SolutionGuid = {38493DD9-631E-47EE-8AB8-C26092F5CFF6}
	EndGlobalSection
EndGlobal
